
Microsoft Visual Studio Solution File, Format Version 12.00
# Visual Studio Version 16
VisualStudioVersion = 16.0.29326.143
MinimumVisualStudioVersion = 10.0.40219.1
Project("{9A19103F-16F7-4668-BE54-9A1E7A4F7556}") = "Jobstore.WebApi", "Jobstore.WebApi\Jobstore.WebApi.csproj", "{3E69A351-BA84-4760-92AA-BD90EE4F9D58}"
EndProject
Project("{FAE04EC0-301F-11D3-BF4B-00C04F79EFBC}") = "Jobstore.Infrastructure", "Jobstore.Infrastructure\Jobstore.Infrastructure.csproj", "{29D1E088-F57E-421A-968F-E773FA3B7866}"
EndProject
Global
	GlobalSection(SolutionConfigurationPlatforms) = preSolution
		Debug|Any CPU = Debug|Any CPU
		Release|Any CPU = Release|Any CPU
	EndGlobalSection
	GlobalSection(ProjectConfigurationPlatforms) = postSolution
		{3E69A351-BA84-4760-92AA-BD90EE4F9D58}.Debug|Any CPU.ActiveCfg = Debug|Any CPU
		{3E69A351-BA84-4760-92AA-BD90EE4F9D58}.Debug|Any CPU.Build.0 = Debug|Any CPU
		{3E69A351-BA84-4760-92AA-BD90EE4F9D58}.Release|Any CPU.ActiveCfg = Release|Any CPU
		{3E69A351-BA84-4760-92AA-BD90EE4F9D58}.Release|Any CPU.Build.0 = Release|Any CPU
		{29D1E088-F57E-421A-968F-E773FA3B7866}.Debug|Any CPU.ActiveCfg = Debug|Any CPU
		{29D1E088-F57E-421A-968F-E773FA3B7866}.Debug|Any CPU.Build.0 = Debug|Any CPU
		{29D1E088-F57E-421A-968F-E773FA3B7866}.Release|Any CPU.ActiveCfg = Release|Any CPU
		{29D1E088-F57E-421A-968F-E773FA3B7866}.Release|Any CPU.Build.0 = Release|Any CPU
	EndGlobalSection
	GlobalSection(SolutionProperties) = preSolution
		HideSolutionNode = FALSE
	EndGlobalSection
	GlobalSection(ExtensibilityGlobals) = postSolution
		SolutionGuid = {F3E4D608-CDAA-446A-81CC-F32C6093B76D}
	EndGlobalSection
EndGlobal
